<?xml version="1.0" encoding="utf-8"?>
<Project ToolsVersion="4.0" xmlns="http://schemas.microsoft.com/developer/msbuild/2003">
  <ItemGroup>
    <Filter Include="Source Files">
      <UniqueIdentifier>{4FC737F1-C7A5-4376-A066-2A32D752A2FF}</UniqueIdentifier>
      <Extensions>cpp;c;cc;cxx;def;odl;idl;hpj;bat;asm;asmx</Extensions>
    </Filter>
    <Filter Include="Header Files">
      <UniqueIdentifier>{93995380-89BD-4b04-88EB-625FBE52EBFB}</UniqueIdentifier>
      <Extensions>h;hh;hpp;hxx;hm;inl;inc;ipp;xsd</Extensions>
    </Filter>
    <Filter Include="Resource Files">
      <UniqueIdentifier>{67DA6AB6-F800-4c08-8B7A-83BB121AAD01}</UniqueIdentifier>
      <Extensions>rc;ico;cur;bmp;dlg;rc2;rct;bin;rgs;gif;jpg;jpeg;jpe;resx;tiff;tif;png;wav;mfcribbon-ms</Extensions>
    </Filter>
    <Filter Include="Header Files\Libraries">
      <UniqueIdentifier>{dd521b63-82da-4e94-a9de-1fd464eca104}</UniqueIdentifier>
    </Filter>
    <Filter Include="Source Files\Libraries">
      <UniqueIdentifier>{0daf9d91-c4ca-45f8-9ea1-bdab56797e96}</UniqueIdentifier>
    </Filter>
    <Filter Include="Header Files\Utils">
      <UniqueIdentifier>{1446dccc-67e4-48e8-aa35-1cf7f7c2ed28}</UniqueIdentifier>
    </Filter>
    <Filter Include="Source Files\Utils">
      <UniqueIdentifier>{0e4b7c56-7df6-4047-be18-293d6c18663d}</UniqueIdentifier>
    </Filter>
    <Filter Include="Header Files\Models">
      <UniqueIdentifier>{83b5adb0-a7e6-41ca-a63d-e9a77ec8c739}</UniqueIdentifier>
    </Filter>
    <Filter Include="Source Files\Models">
      <UniqueIdentifier>{ad7102ce-7e1c-4e92-9968-ca8f433646f8}</UniqueIdentifier>
    </Filter>
    <Filter Include="Source Files\Models\Model Loading">
      <UniqueIdentifier>{414e7277-d473-47ee-afc2-2c10a00b8f23}</UniqueIdentifier>
    </Filter>
    <Filter Include="Header Files\Models\Model Loading">
      <UniqueIdentifier>{8d5b7955-cd05-4889-a3ff-90d1bf6a7843}</UniqueIdentifier>
    </Filter>
    <Filter Include="Header Files\Models\Model Loading\Obj">
      <UniqueIdentifier>{606c879d-df05-449b-bb22-f6b7d543b85f}</UniqueIdentifier>
    </Filter>
    <Filter Include="Source Files\Models\Model Loading\Obj">
      <UniqueIdentifier>{8e99054d-5367-4b53-821e-fa669b045e5e}</UniqueIdentifier>
    </Filter>
  </ItemGroup>
  <ItemGroup>
    <ClInclude Include="Scene.h">
      <Filter>Header Files</Filter>
    </ClInclude>
    <ClInclude Include="Model.h">
      <Filter>Header Files\Models</Filter>
    </ClInclude>
    <ClInclude Include="Texture.h">
      <Filter>Header Files\Models</Filter>
    </ClInclude>
    <ClInclude Include="Vertex.h">
      <Filter>Header Files\Models</Filter>
    </ClInclude>
    <ClInclude Include="Index.h">
      <Filter>Header Files\Models</Filter>
    </ClInclude>
    <ClInclude Include="Material.h">
      <Filter>Header Files\Models</Filter>
    </ClInclude>
    <ClInclude Include="Mesh.h">
      <Filter>Header Files\Models</Filter>
    </ClInclude>
    <ClInclude Include="ObjModelLoader.h">
      <Filter>Header Files\Models\Model Loading\Obj</Filter>
    </ClInclude>
    <ClInclude Include="MtlLoader.h">
      <Filter>Header Files\Models\Model Loading\Obj</Filter>
    </ClInclude>
    <ClInclude Include="Face.h">
      <Filter>Header Files\Models\Model Loading\Obj</Filter>
    </ClInclude>
    <ClInclude Include="Object.h">
      <Filter>Header Files\Models</Filter>
    </ClInclude>
    <ClInclude Include="stb_image.h">
      <Filter>Header Files\Libraries</Filter>
    </ClInclude>
    <ClInclude Include="ConfigUtil.h">
      <Filter>Header Files\Utils</Filter>
    </ClInclude>
    <ClInclude Include="ConsoleUtil.h">
      <Filter>Header Files\Utils</Filter>
    </ClInclude>
    <ClInclude Include="GLEWUtil.h">
      <Filter>Header Files\Utils</Filter>
    </ClInclude>
    <ClInclude Include="GLFWUtil.h">
      <Filter>Header Files\Utils</Filter>
    </ClInclude>
    <ClInclude Include="InputManager.h">
      <Filter>Header Files\Utils</Filter>
    </ClInclude>
    <ClInclude Include="MVPBuilder.h">
      <Filter>Header Files\Utils</Filter>
    </ClInclude>
    <ClInclude Include="ShaderProgramBuilder.h">
      <Filter>Header Files\Utils</Filter>
    </ClInclude>
    <ClInclude Include="IModelLoader.h">
      <Filter>Header Files\Models\Model Loading</Filter>
    </ClInclude>
    <ClInclude Include="InvalidModelFileException.h">
      <Filter>Header Files\Models\Model Loading</Filter>
    </ClInclude>
    <ClInclude Include="ModelLoaderFactory.h">
      <Filter>Header Files\Models\Model Loading</Filter>
    </ClInclude>
    <ClInclude Include="FileUtil.h">
      <Filter>Header Files\Utils</Filter>
    </ClInclude>
    <ClInclude Include="CameraUtil.h">
      <Filter>Header Files\Utils</Filter>
    </ClInclude>
    <ClInclude Include="PlanetFactory.h">
      <Filter>Header Files\Utils</Filter>
    </ClInclude>
    <ClInclude Include="TimeUtil.h">
      <Filter>Header Files\Utils</Filter>
    </ClInclude>
    <ClInclude Include="Planet.h">
      <Filter>Header Files\Models</Filter>
    </ClInclude>
    <ClInclude Include="PlanetMemento.h">
      <Filter>Header Files\Models</Filter>
    </ClInclude>
  </ItemGroup>
  <ItemGroup>
    <None Include="packages.config" />
    <None Include="config.dat">
      <Filter>Resource Files</Filter>
    </None>
    <None Include="shaders\shader.frag">
      <Filter>Resource Files</Filter>
    </None>
    <None Include="shaders\shader.vert">
      <Filter>Resource Files</Filter>
    </None>
    <None Include="planets.dat">
      <Filter>Resource Files</Filter>
    </None>
    <None Include="Models\SolarSystem.mtl">
      <Filter>Resource Files</Filter>
    </None>
  </ItemGroup>
  <ItemGroup>
    <ClCompile Include="Scene.cpp">
      <Filter>Source Files</Filter>
    </ClCompile>
    <ClCompile Include="Model.cpp">
      <Filter>Source Files\Models</Filter>
    </ClCompile>
    <ClCompile Include="Texture.cpp">
      <Filter>Source Files\Models</Filter>
    </ClCompile>
    <ClCompile Include="Vertex.cpp">
      <Filter>Source Files\Models</Filter>
    </ClCompile>
    <ClCompile Include="Index.cpp">
      <Filter>Source Files\Models</Filter>
    </ClCompile>
    <ClCompile Include="Material.cpp">
      <Filter>Source Files\Models</Filter>
    </ClCompile>
    <ClCompile Include="Mesh.cpp">
      <Filter>Source Files\Models</Filter>
    </ClCompile>
    <ClCompile Include="MtlLoader.cpp">
      <Filter>Source Files\Models\Model Loading\Obj</Filter>
    </ClCompile>
    <ClCompile Include="ObjModelLoader.cpp">
      <Filter>Source Files\Models\Model Loading\Obj</Filter>
    </ClCompile>
    <ClCompile Include="Face.cpp">
      <Filter>Source Files\Models\Model Loading\Obj</Filter>
    </ClCompile>
    <ClCompile Include="Object.cpp">
      <Filter>Source Files\Models</Filter>
    </ClCompile>
    <ClCompile Include="ConfigUtil.cpp">
      <Filter>Source Files\Utils</Filter>
    </ClCompile>
    <ClCompile Include="ConsoleUtil.cpp">
      <Filter>Source Files\Utils</Filter>
    </ClCompile>
    <ClCompile Include="FileUtils.cpp">
      <Filter>Source Files\Utils</Filter>
    </ClCompile>
    <ClCompile Include="GLEWUtil.cpp">
      <Filter>Source Files\Utils</Filter>
    </ClCompile>
    <ClCompile Include="GLFWUtil.cpp">
      <Filter>Source Files\Utils</Filter>
    </ClCompile>
    <ClCompile Include="InputManager.cpp">
      <Filter>Source Files\Utils</Filter>
    </ClCompile>
    <ClCompile Include="MVPBuilder.cpp">
      <Filter>Source Files\Utils</Filter>
    </ClCompile>
    <ClCompile Include="ShaderProgramBuilder.cpp">
      <Filter>Source Files\Utils</Filter>
    </ClCompile>
    <ClCompile Include="Solar System.cpp">
      <Filter>Source Files</Filter>
    </ClCompile>
    <ClCompile Include="InvalidModelFileException.cpp">
      <Filter>Source Files\Models\Model Loading</Filter>
    </ClCompile>
    <ClCompile Include="IModelLoader.cpp">
      <Filter>Source Files\Models\Model Loading</Filter>
    </ClCompile>
    <ClCompile Include="ModelLoaderFactory.cpp">
      <Filter>Source Files\Models\Model Loading</Filter>
    </ClCompile>
    <ClCompile Include="CameraUtil.cpp">
      <Filter>Source Files\Utils</Filter>
    </ClCompile>
    <ClCompile Include="PlanetFactory.cpp">
      <Filter>Source Files\Utils</Filter>
    </ClCompile>
    <ClCompile Include="TimeUtil.cpp">
      <Filter>Source Files\Utils</Filter>
    </ClCompile>
    <ClCompile Include="Planet.cpp">
      <Filter>Source Files\Models</Filter>
    </ClCompile>
    <ClCompile Include="PlanetMemento.cpp">
      <Filter>Source Files\Models</Filter>
    </ClCompile>
  </ItemGroup>
  <ItemGroup>
    <Image Include="Models\Stars.png">
      <Filter>Resource Files</Filter>
    </Image>
  </ItemGroup>
  <ItemGroup>
    <Media Include="Models\SunHP.obj">
      <Filter>Resource Files</Filter>
    </Media>
    <Media Include="Models\Sun.obj">
      <Filter>Resource Files</Filter>
    </Media>
    <Media Include="Models\PlanetHP.obj">
      <Filter>Resource Files</Filter>
    </Media>
    <Media Include="Models\Planet.obj">
      <Filter>Resource Files</Filter>
    </Media>
    <Media Include="Models\Background.obj">
      <Filter>Resource Files</Filter>
    </Media>
  </ItemGroup>
</Project>